
Microsoft Visual Studio Solution File, Format Version 12.00
# Visual Studio Version 17
VisualStudioVersion = 17.9.34622.214
MinimumVisualStudioVersion = 10.0.40219.1
Project("{9A19103F-16F7-4668-BE54-9A1E7A4F7556}") = "AzurLane", "AzurLane\AzurLane.csproj", "{63541AF5-A777-4D12-82DE-DA3F29CE639A}"
EndProject
Global
	GlobalSection(SolutionConfigurationPlatforms) = preSolution
		Debug|Any CPU = Debug|Any CPU
		Debug|ARM64 = Debug|ARM64
		Release|Any CPU = Release|Any CPU
		Release|ARM64 = Release|ARM64
	EndGlobalSection
	GlobalSection(ProjectConfigurationPlatforms) = postSolution
		{63541AF5-A777-4D12-82DE-DA3F29CE639A}.Debug|Any CPU.ActiveCfg = Debug|Any CPU
		{63541AF5-A777-4D12-82DE-DA3F29CE639A}.Debug|Any CPU.Build.0 = Debug|Any CPU
		{63541AF5-A777-4D12-82DE-DA3F29CE639A}.Debug|Any CPU.Deploy.0 = Debug|Any CPU
		{63541AF5-A777-4D12-82DE-DA3F29CE639A}.Debug|ARM64.ActiveCfg = Debug|ARM64
		{63541AF5-A777-4D12-82DE-DA3F29CE639A}.Debug|ARM64.Build.0 = Debug|ARM64
		{63541AF5-A777-4D12-82DE-DA3F29CE639A}.Debug|ARM64.Deploy.0 = Debug|ARM64
		{63541AF5-A777-4D12-82DE-DA3F29CE639A}.Release|Any CPU.ActiveCfg = Release|Any CPU
		{63541AF5-A777-4D12-82DE-DA3F29CE639A}.Release|Any CPU.Build.0 = Release|Any CPU
		{63541AF5-A777-4D12-82DE-DA3F29CE639A}.Release|Any CPU.Deploy.0 = Release|Any CPU
		{63541AF5-A777-4D12-82DE-DA3F29CE639A}.Release|ARM64.ActiveCfg = Release|ARM64
		{63541AF5-A777-4D12-82DE-DA3F29CE639A}.Release|ARM64.Build.0 = Release|ARM64
		{63541AF5-A777-4D12-82DE-DA3F29CE639A}.Release|ARM64.Deploy.0 = Release|ARM64
	EndGlobalSection
	GlobalSection(SolutionProperties) = preSolution
		HideSolutionNode = FALSE
	EndGlobalSection
	GlobalSection(ExtensibilityGlobals) = postSolution
		SolutionGuid = {77BC84B7-E635-4F29-B27E-98EA5A16DCC0}
	EndGlobalSection
EndGlobal
